{
    "_readme": [
        "This file locks the dependencies of your project to a known state",
        "Read more about it at http://getcomposer.org/doc/01-basic-usage.md#composer-lock-the-lock-file",
        "This file is @generated automatically"
    ],
    "hash": "d3316b3fd55cc9a42ed3ca3f22b4e7e5",
    "packages": [
        {
            "name": "rogeriopradoj/codeigniter",
            "version": "2.1.4",
            "source": {
                "type": "git",
                "url": "https://github.com/rogeriopradoj/codeigniter-composer.git",
                "reference": "b122fe556568c284929958ca6c089fc690fdae82"
            },
            "dist": {
                "type": "zip",
                "url": "https://api.github.com/repos/rogeriopradoj/codeigniter-composer/zipball/b122fe556568c284929958ca6c089fc690fdae82",
                "reference": "b122fe556568c284929958ca6c089fc690fdae82",
                "shasum": ""
            },
            "require": {
                "php": ">=5.2.4"
            },
            "type": "library",
            "notification-url": "https://packagist.org/downloads/",
            "license": [
                "OSL-3.0"
            ],
            "description": "A way to install CodeIgniter via composer",
            "time": "2013-07-16 15:21:16"
        }
    ],
    "packages-dev": [

    ],
    "aliases": [

    ],
    "minimum-stability": "stable",
    "stability-flags": [

    ],
    "prefer-stable": false,
    "platform": [

    ],
    "platform-dev": [

    ]
}
